
Microsoft Visual Studio Solution File, Format Version 12.00
# Visual Studio Version 17
VisualStudioVersion = 17.5.33530.505
MinimumVisualStudioVersion = 10.0.40219.1
Project("{FAE04EC0-301F-11D3-BF4B-00C04F79EFBC}") = "Sendout Calendar Invite Project", "Sendout Calendar Invite Project.csproj", "{3A83B11C-FB76-47AA-BCCB-F8A192044A2C}"
EndProject
Global
	GlobalSection(SolutionConfigurationPlatforms) = preSolution
		Debug|Any CPU = Debug|Any CPU
		Release|Any CPU = Release|Any CPU
	EndGlobalSection
	GlobalSection(ProjectConfigurationPlatforms) = postSolution
		{3A83B11C-FB76-47AA-BCCB-F8A192044A2C}.Debug|Any CPU.ActiveCfg = Debug|Any CPU
		{3A83B11C-FB76-47AA-BCCB-F8A192044A2C}.Debug|Any CPU.Build.0 = Debug|Any CPU
		{3A83B11C-FB76-47AA-BCCB-F8A192044A2C}.Release|Any CPU.ActiveCfg = Release|Any CPU
		{3A83B11C-FB76-47AA-BCCB-F8A192044A2C}.Release|Any CPU.Build.0 = Release|Any CPU
	EndGlobalSection
	GlobalSection(SolutionProperties) = preSolution
		HideSolutionNode = FALSE
	EndGlobalSection
	GlobalSection(ExtensibilityGlobals) = postSolution
		SolutionGuid = {6BB0A5CA-B6BB-406D-B1AE-0762A881A3E6}
	EndGlobalSection
EndGlobal
